PODS:
  - FlutterMacOS (1.0.0)
  - keyboard_shortcut_mapping (0.0.1):
    - FlutterMacOS
  - shared_preferences_foundation (0.0.1):
    - Flutter
    - FlutterMacOS

DEPENDENCIES:
  - FlutterMacOS (from `Flutter/ephemeral`)
  - keyboard_shortcut_mapping (from `Flutter/ephemeral/.symlinks/plugins/keyboard_shortcut_mapping/macos`)
  - shared_preferences_foundation (from `Flutter/ephemeral/.symlinks/plugins/shared_preferences_foundation/darwin`)

EXTERNAL SOURCES:
  FlutterMacOS:
    :path: Flutter/ephemeral
  keyboard_shortcut_mapping:
    :path: Flutter/ephemeral/.symlinks/plugins/keyboard_shortcut_mapping/macos
  shared_preferences_foundation:
    :path: Flutter/ephemeral/.symlinks/plugins/shared_preferences_foundation/darwin

SPEC CHECKSUMS:
  FlutterMacOS: d0db08ddef1a9af05a5ec4b724367152bb0500b1
  keyboard_shortcut_mapping: 37b71d2acd49d662e73aa2743f8966e71f4205ed
  shared_preferences_foundation: 7036424c3d8ec98dfe75ff1667cb0cd531ec82bb

PODFILE CHECKSUM: 54d867c82ac51cbd61b565781b9fada492027009

COCOAPODS: 1.16.2
